
Microsoft Visual Studio Solution File, Format Version 12.00
# Visual Studio Version 16
VisualStudioVersion = 16.0.29728.190
MinimumVisualStudioVersion = 10.0.40219.1
Project("{FAE04EC0-301F-11D3-BF4B-00C04F79EFBC}") = "Ornek.Dal", "Ornek.Dal\Ornek.Dal.csproj", "{73664766-E5CD-4EA2-BC57-2949449BEAA4}"
EndProject
Project("{FAE04EC0-301F-11D3-BF4B-00C04F79EFBC}") = "Ornek.Bll", "Ornek.Bll\Ornek.Bll.csproj", "{B0BDD9C4-7F3B-4A39-8AA7-2F9A8A167E58}"
EndProject
Project("{FAE04EC0-301F-11D3-BF4B-00C04F79EFBC}") = "Ornek.Entities", "Ornek.Entities\Ornek.Entities.csproj", "{011D6236-90F3-4029-8B6A-6498A7573549}"
EndProject
Project("{FAE04EC0-301F-11D3-BF4B-00C04F79EFBC}") = "Ornek.Pre", "Ornek.Pre\Ornek.Pre.csproj", "{9DBC0947-7919-4380-AD0B-F9BB5CD846D7}"
EndProject
Project("{FAE04EC0-301F-11D3-BF4B-00C04F79EFBC}") = "Ornek.Interfaces", "Ornek.Interfaces\Ornek.Interfaces.csproj", "{F4DEF92C-8982-4FFC-8F15-BB83011C5C4C}"
EndProject
Global
	GlobalSection(SolutionConfigurationPlatforms) = preSolution
		Debug|Any CPU = Debug|Any CPU
		Release|Any CPU = Release|Any CPU
	EndGlobalSection
	GlobalSection(ProjectConfigurationPlatforms) = postSolution
		{73664766-E5CD-4EA2-BC57-2949449BEAA4}.Debug|Any CPU.ActiveCfg = Debug|Any CPU
		{73664766-E5CD-4EA2-BC57-2949449BEAA4}.Debug|Any CPU.Build.0 = Debug|Any CPU
		{73664766-E5CD-4EA2-BC57-2949449BEAA4}.Release|Any CPU.ActiveCfg = Release|Any CPU
		{73664766-E5CD-4EA2-BC57-2949449BEAA4}.Release|Any CPU.Build.0 = Release|Any CPU
		{B0BDD9C4-7F3B-4A39-8AA7-2F9A8A167E58}.Debug|Any CPU.ActiveCfg = Debug|Any CPU
		{B0BDD9C4-7F3B-4A39-8AA7-2F9A8A167E58}.Debug|Any CPU.Build.0 = Debug|Any CPU
		{B0BDD9C4-7F3B-4A39-8AA7-2F9A8A167E58}.Release|Any CPU.ActiveCfg = Release|Any CPU
		{B0BDD9C4-7F3B-4A39-8AA7-2F9A8A167E58}.Release|Any CPU.Build.0 = Release|Any CPU
		{011D6236-90F3-4029-8B6A-6498A7573549}.Debug|Any CPU.ActiveCfg = Debug|Any CPU
		{011D6236-90F3-4029-8B6A-6498A7573549}.Debug|Any CPU.Build.0 = Debug|Any CPU
		{011D6236-90F3-4029-8B6A-6498A7573549}.Release|Any CPU.ActiveCfg = Release|Any CPU
		{011D6236-90F3-4029-8B6A-6498A7573549}.Release|Any CPU.Build.0 = Release|Any CPU
		{9DBC0947-7919-4380-AD0B-F9BB5CD846D7}.Debug|Any CPU.ActiveCfg = Debug|Any CPU
		{9DBC0947-7919-4380-AD0B-F9BB5CD846D7}.Debug|Any CPU.Build.0 = Debug|Any CPU
		{9DBC0947-7919-4380-AD0B-F9BB5CD846D7}.Release|Any CPU.ActiveCfg = Release|Any CPU
		{9DBC0947-7919-4380-AD0B-F9BB5CD846D7}.Release|Any CPU.Build.0 = Release|Any CPU
		{F4DEF92C-8982-4FFC-8F15-BB83011C5C4C}.Debug|Any CPU.ActiveCfg = Debug|Any CPU
		{F4DEF92C-8982-4FFC-8F15-BB83011C5C4C}.Debug|Any CPU.Build.0 = Debug|Any CPU
		{F4DEF92C-8982-4FFC-8F15-BB83011C5C4C}.Release|Any CPU.ActiveCfg = Release|Any CPU
		{F4DEF92C-8982-4FFC-8F15-BB83011C5C4C}.Release|Any CPU.Build.0 = Release|Any CPU
	EndGlobalSection
	GlobalSection(SolutionProperties) = preSolution
		HideSolutionNode = FALSE
	EndGlobalSection
	GlobalSection(ExtensibilityGlobals) = postSolution
		SolutionGuid = {4DD38BE1-0428-4A9E-B53C-5DC8420D91D8}
	EndGlobalSection
EndGlobal
